
Microsoft Visual Studio Solution File, Format Version 12.00
# Visual Studio 14
VisualStudioVersion = 14.0.25420.1
MinimumVisualStudioVersion = 10.0.40219.1
Project("{FAE04EC0-301F-11D3-BF4B-00C04F79EFBC}") = "DataPages", "DataPages\DataPages\DataPages.csproj", "{39C29425-B35F-491C-A60C-3E847C684791}"
EndProject
Project("{FAE04EC0-301F-11D3-BF4B-00C04F79EFBC}") = "DataPages.Droid", "DataPages\DataPages.Droid\DataPages.Droid.csproj", "{36BCB24D-FFA9-47C4-A5D3-AF2CEA70FDF1}"
EndProject
Project("{FAE04EC0-301F-11D3-BF4B-00C04F79EFBC}") = "DataPages.iOS", "DataPages\DataPages.iOS\DataPages.iOS.csproj", "{832E1E68-78B8-40BA-A1B3-698829D3C3DF}"
EndProject
Project("{FAE04EC0-301F-11D3-BF4B-00C04F79EFBC}") = "DataPages.WinPhone", "DataPages\DataPages.WinPhone\DataPages.WinPhone.csproj", "{13E97DBA-ADEA-4FD9-BCBA-70C584D31600}"
EndProject
Project("{FAE04EC0-301F-11D3-BF4B-00C04F79EFBC}") = "DataPages.UWP", "DataPages\DataPages.UWP\DataPages.UWP.csproj", "{7657E708-B77B-4714-8963-62957FFBE347}"
EndProject
Project("{FAE04EC0-301F-11D3-BF4B-00C04F79EFBC}") = "DataPages.Windows", "DataPages\DataPages.Windows\DataPages.Windows.csproj", "{4E12395E-EFDD-4014-A568-3148B06A2799}"
EndProject
Global
	GlobalSection(SolutionConfigurationPlatforms) = preSolution
		Ad-Hoc|Any CPU = Ad-Hoc|Any CPU
		Ad-Hoc|ARM = Ad-Hoc|ARM
		Ad-Hoc|iPhone = Ad-Hoc|iPhone
		Ad-Hoc|iPhoneSimulator = Ad-Hoc|iPhoneSimulator
		Ad-Hoc|x64 = Ad-Hoc|x64
		Ad-Hoc|x86 = Ad-Hoc|x86
		AppStore|Any CPU = AppStore|Any CPU
		AppStore|ARM = AppStore|ARM
		AppStore|iPhone = AppStore|iPhone
		AppStore|iPhoneSimulator = AppStore|iPhoneSimulator
		AppStore|x64 = AppStore|x64
		AppStore|x86 = AppStore|x86
		Debug|Any CPU = Debug|Any CPU
		Debug|ARM = Debug|ARM
		Debug|iPhone = Debug|iPhone
		Debug|iPhoneSimulator = Debug|iPhoneSimulator
		Debug|x64 = Debug|x64
		Debug|x86 = Debug|x86
		Release|Any CPU = Release|Any CPU
		Release|ARM = Release|ARM
		Release|iPhone = Release|iPhone
		Release|iPhoneSimulator = Release|iPhoneSimulator
		Release|x64 = Release|x64
		Release|x86 = Release|x86
	EndGlobalSection
	GlobalSection(ProjectConfigurationPlatforms) = postSolution
		{39C29425-B35F-491C-A60C-3E847C684791}.Ad-Hoc|Any CPU.ActiveCfg = Release|Any CPU
		{39C29425-B35F-491C-A60C-3E847C684791}.Ad-Hoc|Any CPU.Build.0 = Release|Any CPU
		{39C29425-B35F-491C-A60C-3E847C684791}.Ad-Hoc|ARM.ActiveCfg = Release|Any CPU
		{39C29425-B35F-491C-A60C-3E847C684791}.Ad-Hoc|ARM.Build.0 = Release|Any CPU
		{39C29425-B35F-491C-A60C-3E847C684791}.Ad-Hoc|iPhone.ActiveCfg = Release|Any CPU
		{39C29425-B35F-491C-A60C-3E847C684791}.Ad-Hoc|iPhone.Build.0 = Release|Any CPU
		{39C29425-B35F-491C-A60C-3E847C684791}.Ad-Hoc|iPhoneSimulator.ActiveCfg = Release|Any CPU
		{39C29425-B35F-491C-A60C-3E847C684791}.Ad-Hoc|iPhoneSimulator.Build.0 = Release|Any CPU
		{39C29425-B35F-491C-A60C-3E847C684791}.Ad-Hoc|x64.ActiveCfg = Release|Any CPU
		{39C29425-B35F-491C-A60C-3E847C684791}.Ad-Hoc|x64.Build.0 = Release|Any CPU
		{39C29425-B35F-491C-A60C-3E847C684791}.Ad-Hoc|x86.ActiveCfg = Release|Any CPU
		{39C29425-B35F-491C-A60C-3E847C684791}.Ad-Hoc|x86.Build.0 = Release|Any CPU
		{39C29425-B35F-491C-A60C-3E847C684791}.AppStore|Any CPU.ActiveCfg = Release|Any CPU
		{39C29425-B35F-491C-A60C-3E847C684791}.AppStore|Any CPU.Build.0 = Release|Any CPU
		{39C29425-B35F-491C-A60C-3E847C684791}.AppStore|ARM.ActiveCfg = Release|Any CPU
		{39C29425-B35F-491C-A60C-3E847C684791}.AppStore|ARM.Build.0 = Release|Any CPU
		{39C29425-B35F-491C-A60C-3E847C684791}.AppStore|iPhone.ActiveCfg = Release|Any CPU
		{39C29425-B35F-491C-A60C-3E847C684791}.AppStore|iPhone.Build.0 = Release|Any CPU
		{39C29425-B35F-491C-A60C-3E847C684791}.AppStore|iPhoneSimulator.ActiveCfg = Release|Any CPU
		{39C29425-B35F-491C-A60C-3E847C684791}.AppStore|iPhoneSimulator.Build.0 = Release|Any CPU
		{39C29425-B35F-491C-A60C-3E847C684791}.AppStore|x64.ActiveCfg = Release|Any CPU
		{39C29425-B35F-491C-A60C-3E847C684791}.AppStore|x64.Build.0 = Release|Any CPU
		{39C29425-B35F-491C-A60C-3E847C684791}.AppStore|x86.ActiveCfg = Release|Any CPU
		{39C29425-B35F-491C-A60C-3E847C684791}.AppStore|x86.Build.0 = Release|Any CPU
		{39C29425-B35F-491C-A60C-3E847C684791}.Debug|Any CPU.ActiveCfg = Debug|Any CPU
		{39C29425-B35F-491C-A60C-3E847C684791}.Debug|Any CPU.Build.0 = Debug|Any CPU
		{39C29425-B35F-491C-A60C-3E847C684791}.Debug|ARM.ActiveCfg = Debug|Any CPU
		{39C29425-B35F-491C-A60C-3E847C684791}.Debug|ARM.Build.0 = Debug|Any CPU
		{39C29425-B35F-491C-A60C-3E847C684791}.Debug|iPhone.ActiveCfg = Debug|Any CPU
		{39C29425-B35F-491C-A60C-3E847C684791}.Debug|iPhone.Build.0 = Debug|Any CPU
		{39C29425-B35F-491C-A60C-3E847C684791}.Debug|iPhoneSimulator.ActiveCfg = Debug|Any CPU
		{39C29425-B35F-491C-A60C-3E847C684791}.Debug|iPhoneSimulator.Build.0 = Debug|Any CPU
		{39C29425-B35F-491C-A60C-3E847C684791}.Debug|x64.ActiveCfg = Debug|Any CPU
		{39C29425-B35F-491C-A60C-3E847C684791}.Debug|x64.Build.0 = Debug|Any CPU
		{39C29425-B35F-491C-A60C-3E847C684791}.Debug|x86.ActiveCfg = Debug|Any CPU
		{39C29425-B35F-491C-A60C-3E847C684791}.Debug|x86.Build.0 = Debug|Any CPU
		{39C29425-B35F-491C-A60C-3E847C684791}.Release|Any CPU.ActiveCfg = Release|Any CPU
		{39C29425-B35F-491C-A60C-3E847C684791}.Release|Any CPU.Build.0 = Release|Any CPU
		{39C29425-B35F-491C-A60C-3E847C684791}.Release|ARM.ActiveCfg = Release|Any CPU
		{39C29425-B35F-491C-A60C-3E847C684791}.Release|ARM.Build.0 = Release|Any CPU
		{39C29425-B35F-491C-A60C-3E847C684791}.Release|iPhone.ActiveCfg = Release|Any CPU
		{39C29425-B35F-491C-A60C-3E847C684791}.Release|iPhone.Build.0 = Release|Any CPU
		{39C29425-B35F-491C-A60C-3E847C684791}.Release|iPhoneSimulator.ActiveCfg = Release|Any CPU
		{39C29425-B35F-491C-A60C-3E847C684791}.Release|iPhoneSimulator.Build.0 = Release|Any CPU
		{39C29425-B35F-491C-A60C-3E847C684791}.Release|x64.ActiveCfg = Release|Any CPU
		{39C29425-B35F-491C-A60C-3E847C684791}.Release|x64.Build.0 = Release|Any CPU
		{39C29425-B35F-491C-A60C-3E847C684791}.Release|x86.ActiveCfg = Release|Any CPU
		{39C29425-B35F-491C-A60C-3E847C684791}.Release|x86.Build.0 = Release|Any CPU
		{36BCB24D-FFA9-47C4-A5D3-AF2CEA70FDF1}.Ad-Hoc|Any CPU.ActiveCfg = Release|Any CPU
		{36BCB24D-FFA9-47C4-A5D3-AF2CEA70FDF1}.Ad-Hoc|Any CPU.Build.0 = Release|Any CPU
		{36BCB24D-FFA9-47C4-A5D3-AF2CEA70FDF1}.Ad-Hoc|Any CPU.Deploy.0 = Release|Any CPU
		{36BCB24D-FFA9-47C4-A5D3-AF2CEA70FDF1}.Ad-Hoc|ARM.ActiveCfg = Release|Any CPU
		{36BCB24D-FFA9-47C4-A5D3-AF2CEA70FDF1}.Ad-Hoc|ARM.Build.0 = Release|Any CPU
		{36BCB24D-FFA9-47C4-A5D3-AF2CEA70FDF1}.Ad-Hoc|ARM.Deploy.0 = Release|Any CPU
		{36BCB24D-FFA9-47C4-A5D3-AF2CEA70FDF1}.Ad-Hoc|iPhone.ActiveCfg = Release|Any CPU
		{36BCB24D-FFA9-47C4-A5D3-AF2CEA70FDF1}.Ad-Hoc|iPhone.Build.0 = Release|Any CPU
		{36BCB24D-FFA9-47C4-A5D3-AF2CEA70FDF1}.Ad-Hoc|iPhone.Deploy.0 = Release|Any CPU
		{36BCB24D-FFA9-47C4-A5D3-AF2CEA70FDF1}.Ad-Hoc|iPhoneSimulator.ActiveCfg = Release|Any CPU
		{36BCB24D-FFA9-47C4-A5D3-AF2CEA70FDF1}.Ad-Hoc|iPhoneSimulator.Build.0 = Release|Any CPU
		{36BCB24D-FFA9-47C4-A5D3-AF2CEA70FDF1}.Ad-Hoc|iPhoneSimulator.Deploy.0 = Release|Any CPU
		{36BCB24D-FFA9-47C4-A5D3-AF2CEA70FDF1}.Ad-Hoc|x64.ActiveCfg = Release|Any CPU
		{36BCB24D-FFA9-47C4-A5D3-AF2CEA70FDF1}.Ad-Hoc|x64.Build.0 = Release|Any CPU
		{36BCB24D-FFA9-47C4-A5D3-AF2CEA70FDF1}.Ad-Hoc|x64.Deploy.0 = Release|Any CPU
		{36BCB24D-FFA9-47C4-A5D3-AF2CEA70FDF1}.Ad-Hoc|x86.ActiveCfg = Release|Any CPU
		{36BCB24D-FFA9-47C4-A5D3-AF2CEA70FDF1}.Ad-Hoc|x86.Build.0 = Release|Any CPU
		{36BCB24D-FFA9-47C4-A5D3-AF2CEA70FDF1}.Ad-Hoc|x86.Deploy.0 = Release|Any CPU
		{36BCB24D-FFA9-47C4-A5D3-AF2CEA70FDF1}.AppStore|Any CPU.ActiveCfg = Release|Any CPU
		{36BCB24D-FFA9-47C4-A5D3-AF2CEA70FDF1}.AppStore|Any CPU.Build.0 = Release|Any CPU
		{36BCB24D-FFA9-47C4-A5D3-AF2CEA70FDF1}.AppStore|Any CPU.Deploy.0 = Release|Any CPU
		{36BCB24D-FFA9-47C4-A5D3-AF2CEA70FDF1}.AppStore|ARM.ActiveCfg = Release|Any CPU
		{36BCB24D-FFA9-47C4-A5D3-AF2CEA70FDF1}.AppStore|ARM.Build.0 = Release|Any CPU
		{36BCB24D-FFA9-47C4-A5D3-AF2CEA70FDF1}.AppStore|ARM.Deploy.0 = Release|Any CPU
		{36BCB24D-FFA9-47C4-A5D3-AF2CEA70FDF1}.AppStore|iPhone.ActiveCfg = Release|Any CPU
		{36BCB24D-FFA9-47C4-A5D3-AF2CEA70FDF1}.AppStore|iPhone.Build.0 = Release|Any CPU
		{36BCB24D-FFA9-47C4-A5D3-AF2CEA70FDF1}.AppStore|iPhone.Deploy.0 = Release|Any CPU
		{36BCB24D-FFA9-47C4-A5D3-AF2CEA70FDF1}.AppStore|iPhoneSimulator.ActiveCfg = Release|Any CPU
		{36BCB24D-FFA9-47C4-A5D3-AF2CEA70FDF1}.AppStore|iPhoneSimulator.Build.0 = Release|Any CPU
		{36BCB24D-FFA9-47C4-A5D3-AF2CEA70FDF1}.AppStore|iPhoneSimulator.Deploy.0 = Release|Any CPU
		{36BCB24D-FFA9-47C4-A5D3-AF2CEA70FDF1}.AppStore|x64.ActiveCfg = Release|Any CPU
		{36BCB24D-FFA9-47C4-A5D3-AF2CEA70FDF1}.AppStore|x64.Build.0 = Release|Any CPU
		{36BCB24D-FFA9-47C4-A5D3-AF2CEA70FDF1}.AppStore|x64.Deploy.0 = Release|Any CPU
		{36BCB24D-FFA9-47C4-A5D3-AF2CEA70FDF1}.AppStore|x86.ActiveCfg = Release|Any CPU
		{36BCB24D-FFA9-47C4-A5D3-AF2CEA70FDF1}.AppStore|x86.Build.0 = Release|Any CPU
		{36BCB24D-FFA9-47C4-A5D3-AF2CEA70FDF1}.AppStore|x86.Deploy.0 = Release|Any CPU
		{36BCB24D-FFA9-47C4-A5D3-AF2CEA70FDF1}.Debug|Any CPU.ActiveCfg = Debug|Any CPU
		{36BCB24D-FFA9-47C4-A5D3-AF2CEA70FDF1}.Debug|Any CPU.Build.0 = Debug|Any CPU
		{36BCB24D-FFA9-47C4-A5D3-AF2CEA70FDF1}.Debug|Any CPU.Deploy.0 = Debug|Any CPU
		{36BCB24D-FFA9-47C4-A5D3-AF2CEA70FDF1}.Debug|ARM.ActiveCfg = Debug|Any CPU
		{36BCB24D-FFA9-47C4-A5D3-AF2CEA70FDF1}.Debug|ARM.Build.0 = Debug|Any CPU
		{36BCB24D-FFA9-47C4-A5D3-AF2CEA70FDF1}.Debug|ARM.Deploy.0 = Debug|Any CPU
		{36BCB24D-FFA9-47C4-A5D3-AF2CEA70FDF1}.Debug|iPhone.ActiveCfg = Debug|Any CPU
		{36BCB24D-FFA9-47C4-A5D3-AF2CEA70FDF1}.Debug|iPhone.Build.0 = Debug|Any CPU
		{36BCB24D-FFA9-47C4-A5D3-AF2CEA70FDF1}.Debug|iPhone.Deploy.0 = Debug|Any CPU
		{36BCB24D-FFA9-47C4-A5D3-AF2CEA70FDF1}.Debug|iPhoneSimulator.ActiveCfg = Debug|Any CPU
		{36BCB24D-FFA9-47C4-A5D3-AF2CEA70FDF1}.Debug|iPhoneSimulator.Build.0 = Debug|Any CPU
		{36BCB24D-FFA9-47C4-A5D3-AF2CEA70FDF1}.Debug|iPhoneSimulator.Deploy.0 = Debug|Any CPU
		{36BCB24D-FFA9-47C4-A5D3-AF2CEA70FDF1}.Debug|x64.ActiveCfg = Debug|Any CPU
		{36BCB24D-FFA9-47C4-A5D3-AF2CEA70FDF1}.Debug|x64.Build.0 = Debug|Any CPU
		{36BCB24D-FFA9-47C4-A5D3-AF2CEA70FDF1}.Debug|x64.Deploy.0 = Debug|Any CPU
		{36BCB24D-FFA9-47C4-A5D3-AF2CEA70FDF1}.Debug|x86.ActiveCfg = Debug|Any CPU
		{36BCB24D-FFA9-47C4-A5D3-AF2CEA70FDF1}.Debug|x86.Build.0 = Debug|Any CPU
		{36BCB24D-FFA9-47C4-A5D3-AF2CEA70FDF1}.Debug|x86.Deploy.0 = Debug|Any CPU
		{36BCB24D-FFA9-47C4-A5D3-AF2CEA70FDF1}.Release|Any CPU.ActiveCfg = Release|Any CPU
		{36BCB24D-FFA9-47C4-A5D3-AF2CEA70FDF1}.Release|Any CPU.Build.0 = Release|Any CPU
		{36BCB24D-FFA9-47C4-A5D3-AF2CEA70FDF1}.Release|Any CPU.Deploy.0 = Release|Any CPU
		{36BCB24D-FFA9-47C4-A5D3-AF2CEA70FDF1}.Release|ARM.ActiveCfg = Release|Any CPU
		{36BCB24D-FFA9-47C4-A5D3-AF2CEA70FDF1}.Release|ARM.Build.0 = Release|Any CPU
		{36BCB24D-FFA9-47C4-A5D3-AF2CEA70FDF1}.Release|ARM.Deploy.0 = Release|Any CPU
		{36BCB24D-FFA9-47C4-A5D3-AF2CEA70FDF1}.Release|iPhone.ActiveCfg = Release|Any CPU
		{36BCB24D-FFA9-47C4-A5D3-AF2CEA70FDF1}.Release|iPhone.Build.0 = Release|Any CPU
		{36BCB24D-FFA9-47C4-A5D3-AF2CEA70FDF1}.Release|iPhone.Deploy.0 = Release|Any CPU
		{36BCB24D-FFA9-47C4-A5D3-AF2CEA70FDF1}.Release|iPhoneSimulator.ActiveCfg = Release|Any CPU
		{36BCB24D-FFA9-47C4-A5D3-AF2CEA70FDF1}.Release|iPhoneSimulator.Build.0 = Release|Any CPU
		{36BCB24D-FFA9-47C4-A5D3-AF2CEA70FDF1}.Release|iPhoneSimulator.Deploy.0 = Release|Any CPU
		{36BCB24D-FFA9-47C4-A5D3-AF2CEA70FDF1}.Release|x64.ActiveCfg = Release|Any CPU
		{36BCB24D-FFA9-47C4-A5D3-AF2CEA70FDF1}.Release|x64.Build.0 = Release|Any CPU
		{36BCB24D-FFA9-47C4-A5D3-AF2CEA70FDF1}.Release|x64.Deploy.0 = Release|Any CPU
		{36BCB24D-FFA9-47C4-A5D3-AF2CEA70FDF1}.Release|x86.ActiveCfg = Release|Any CPU
		{36BCB24D-FFA9-47C4-A5D3-AF2CEA70FDF1}.Release|x86.Build.0 = Release|Any CPU
		{36BCB24D-FFA9-47C4-A5D3-AF2CEA70FDF1}.Release|x86.Deploy.0 = Release|Any CPU
		{832E1E68-78B8-40BA-A1B3-698829D3C3DF}.Ad-Hoc|Any CPU.ActiveCfg = Ad-Hoc|iPhone
		{832E1E68-78B8-40BA-A1B3-698829D3C3DF}.Ad-Hoc|ARM.ActiveCfg = Ad-Hoc|iPhone
		{832E1E68-78B8-40BA-A1B3-698829D3C3DF}.Ad-Hoc|iPhone.ActiveCfg = Ad-Hoc|iPhone
		{832E1E68-78B8-40BA-A1B3-698829D3C3DF}.Ad-Hoc|iPhone.Build.0 = Ad-Hoc|iPhone
		{832E1E68-78B8-40BA-A1B3-698829D3C3DF}.Ad-Hoc|iPhoneSimulator.ActiveCfg = Ad-Hoc|iPhoneSimulator
		{832E1E68-78B8-40BA-A1B3-698829D3C3DF}.Ad-Hoc|iPhoneSimulator.Build.0 = Ad-Hoc|iPhoneSimulator
		{832E1E68-78B8-40BA-A1B3-698829D3C3DF}.Ad-Hoc|x64.ActiveCfg = Ad-Hoc|iPhone
		{832E1E68-78B8-40BA-A1B3-698829D3C3DF}.Ad-Hoc|x86.ActiveCfg = Ad-Hoc|iPhone
		{832E1E68-78B8-40BA-A1B3-698829D3C3DF}.AppStore|Any CPU.ActiveCfg = AppStore|iPhone
		{832E1E68-78B8-40BA-A1B3-698829D3C3DF}.AppStore|ARM.ActiveCfg = AppStore|iPhone
		{832E1E68-78B8-40BA-A1B3-698829D3C3DF}.AppStore|iPhone.ActiveCfg = AppStore|iPhone
		{832E1E68-78B8-40BA-A1B3-698829D3C3DF}.AppStore|iPhone.Build.0 = AppStore|iPhone
		{832E1E68-78B8-40BA-A1B3-698829D3C3DF}.AppStore|iPhoneSimulator.ActiveCfg = AppStore|iPhoneSimulator
		{832E1E68-78B8-40BA-A1B3-698829D3C3DF}.AppStore|iPhoneSimulator.Build.0 = AppStore|iPhoneSimulator
		{832E1E68-78B8-40BA-A1B3-698829D3C3DF}.AppStore|x64.ActiveCfg = AppStore|iPhone
		{832E1E68-78B8-40BA-A1B3-698829D3C3DF}.AppStore|x86.ActiveCfg = AppStore|iPhone
		{832E1E68-78B8-40BA-A1B3-698829D3C3DF}.Debug|Any CPU.ActiveCfg = Debug|iPhone
		{832E1E68-78B8-40BA-A1B3-698829D3C3DF}.Debug|ARM.ActiveCfg = Debug|iPhone
		{832E1E68-78B8-40BA-A1B3-698829D3C3DF}.Debug|iPhone.ActiveCfg = Debug|iPhone
		{832E1E68-78B8-40BA-A1B3-698829D3C3DF}.Debug|iPhone.Build.0 = Debug|iPhone
		{832E1E68-78B8-40BA-A1B3-698829D3C3DF}.Debug|iPhoneSimulator.ActiveCfg = Debug|iPhoneSimulator
		{832E1E68-78B8-40BA-A1B3-698829D3C3DF}.Debug|iPhoneSimulator.Build.0 = Debug|iPhoneSimulator
		{832E1E68-78B8-40BA-A1B3-698829D3C3DF}.Debug|x64.ActiveCfg = Debug|iPhone
		{832E1E68-78B8-40BA-A1B3-698829D3C3DF}.Debug|x86.ActiveCfg = Debug|iPhone
		{832E1E68-78B8-40BA-A1B3-698829D3C3DF}.Release|Any CPU.ActiveCfg = Release|iPhone
		{832E1E68-78B8-40BA-A1B3-698829D3C3DF}.Release|ARM.ActiveCfg = Release|iPhone
		{832E1E68-78B8-40BA-A1B3-698829D3C3DF}.Release|iPhone.ActiveCfg = Release|iPhone
		{832E1E68-78B8-40BA-A1B3-698829D3C3DF}.Release|iPhone.Build.0 = Release|iPhone
		{832E1E68-78B8-40BA-A1B3-698829D3C3DF}.Release|iPhoneSimulator.ActiveCfg = Release|iPhoneSimulator
		{832E1E68-78B8-40BA-A1B3-698829D3C3DF}.Release|iPhoneSimulator.Build.0 = Release|iPhoneSimulator
		{832E1E68-78B8-40BA-A1B3-698829D3C3DF}.Release|x64.ActiveCfg = Release|iPhone
		{832E1E68-78B8-40BA-A1B3-698829D3C3DF}.Release|x86.ActiveCfg = Release|iPhone
		{13E97DBA-ADEA-4FD9-BCBA-70C584D31600}.Ad-Hoc|Any CPU.ActiveCfg = Release|Any CPU
		{13E97DBA-ADEA-4FD9-BCBA-70C584D31600}.Ad-Hoc|Any CPU.Build.0 = Release|Any CPU
		{13E97DBA-ADEA-4FD9-BCBA-70C584D31600}.Ad-Hoc|Any CPU.Deploy.0 = Release|Any CPU
		{13E97DBA-ADEA-4FD9-BCBA-70C584D31600}.Ad-Hoc|ARM.ActiveCfg = Release|ARM
		{13E97DBA-ADEA-4FD9-BCBA-70C584D31600}.Ad-Hoc|ARM.Build.0 = Release|ARM
		{13E97DBA-ADEA-4FD9-BCBA-70C584D31600}.Ad-Hoc|ARM.Deploy.0 = Release|ARM
		{13E97DBA-ADEA-4FD9-BCBA-70C584D31600}.Ad-Hoc|iPhone.ActiveCfg = Release|Any CPU
		{13E97DBA-ADEA-4FD9-BCBA-70C584D31600}.Ad-Hoc|iPhone.Build.0 = Release|Any CPU
		{13E97DBA-ADEA-4FD9-BCBA-70C584D31600}.Ad-Hoc|iPhone.Deploy.0 = Release|Any CPU
		{13E97DBA-ADEA-4FD9-BCBA-70C584D31600}.Ad-Hoc|iPhoneSimulator.ActiveCfg = Release|Any CPU
		{13E97DBA-ADEA-4FD9-BCBA-70C584D31600}.Ad-Hoc|iPhoneSimulator.Build.0 = Release|Any CPU
		{13E97DBA-ADEA-4FD9-BCBA-70C584D31600}.Ad-Hoc|iPhoneSimulator.Deploy.0 = Release|Any CPU
		{13E97DBA-ADEA-4FD9-BCBA-70C584D31600}.Ad-Hoc|x64.ActiveCfg = Release|Any CPU
		{13E97DBA-ADEA-4FD9-BCBA-70C584D31600}.Ad-Hoc|x64.Build.0 = Release|Any CPU
		{13E97DBA-ADEA-4FD9-BCBA-70C584D31600}.Ad-Hoc|x64.Deploy.0 = Release|Any CPU
		{13E97DBA-ADEA-4FD9-BCBA-70C584D31600}.Ad-Hoc|x86.ActiveCfg = Release|x86
		{13E97DBA-ADEA-4FD9-BCBA-70C584D31600}.Ad-Hoc|x86.Build.0 = Release|x86
		{13E97DBA-ADEA-4FD9-BCBA-70C584D31600}.Ad-Hoc|x86.Deploy.0 = Release|x86
		{13E97DBA-ADEA-4FD9-BCBA-70C584D31600}.AppStore|Any CPU.ActiveCfg = Release|Any CPU
		{13E97DBA-ADEA-4FD9-BCBA-70C584D31600}.AppStore|Any CPU.Build.0 = Release|Any CPU
		{13E97DBA-ADEA-4FD9-BCBA-70C584D31600}.AppStore|Any CPU.Deploy.0 = Release|Any CPU
		{13E97DBA-ADEA-4FD9-BCBA-70C584D31600}.AppStore|ARM.ActiveCfg = Release|ARM
		{13E97DBA-ADEA-4FD9-BCBA-70C584D31600}.AppStore|ARM.Build.0 = Release|ARM
		{13E97DBA-ADEA-4FD9-BCBA-70C584D31600}.AppStore|ARM.Deploy.0 = Release|ARM
		{13E97DBA-ADEA-4FD9-BCBA-70C584D31600}.AppStore|iPhone.ActiveCfg = Release|Any CPU
		{13E97DBA-ADEA-4FD9-BCBA-70C584D31600}.AppStore|iPhone.Build.0 = Release|Any CPU
		{13E97DBA-ADEA-4FD9-BCBA-70C584D31600}.AppStore|iPhone.Deploy.0 = Release|Any CPU
		{13E97DBA-ADEA-4FD9-BCBA-70C584D31600}.AppStore|iPhoneSimulator.ActiveCfg = Release|Any CPU
		{13E97DBA-ADEA-4FD9-BCBA-70C584D31600}.AppStore|iPhoneSimulator.Build.0 = Release|Any CPU
		{13E97DBA-ADEA-4FD9-BCBA-70C584D31600}.AppStore|iPhoneSimulator.Deploy.0 = Release|Any CPU
		{13E97DBA-ADEA-4FD9-BCBA-70C584D31600}.AppStore|x64.ActiveCfg = Release|Any CPU
		{13E97DBA-ADEA-4FD9-BCBA-70C584D31600}.AppStore|x64.Build.0 = Release|Any CPU
		{13E97DBA-ADEA-4FD9-BCBA-70C584D31600}.AppStore|x64.Deploy.0 = Release|Any CPU
		{13E97DBA-ADEA-4FD9-BCBA-70C584D31600}.AppStore|x86.ActiveCfg = Release|x86
		{13E97DBA-ADEA-4FD9-BCBA-70C584D31600}.AppStore|x86.Build.0 = Release|x86
		{13E97DBA-ADEA-4FD9-BCBA-70C584D31600}.AppStore|x86.Deploy.0 = Release|x86
		{13E97DBA-ADEA-4FD9-BCBA-70C584D31600}.Debug|Any CPU.ActiveCfg = Debug|Any CPU
		{13E97DBA-ADEA-4FD9-BCBA-70C584D31600}.Debug|Any CPU.Build.0 = Debug|Any CPU
		{13E97DBA-ADEA-4FD9-BCBA-70C584D31600}.Debug|Any CPU.Deploy.0 = Debug|Any CPU
		{13E97DBA-ADEA-4FD9-BCBA-70C584D31600}.Debug|ARM.ActiveCfg = Debug|ARM
		{13E97DBA-ADEA-4FD9-BCBA-70C584D31600}.Debug|ARM.Build.0 = Debug|ARM
		{13E97DBA-ADEA-4FD9-BCBA-70C584D31600}.Debug|ARM.Deploy.0 = Debug|ARM
		{13E97DBA-ADEA-4FD9-BCBA-70C584D31600}.Debug|iPhone.ActiveCfg = Debug|Any CPU
		{13E97DBA-ADEA-4FD9-BCBA-70C584D31600}.Debug|iPhone.Build.0 = Debug|Any CPU
		{13E97DBA-ADEA-4FD9-BCBA-70C584D31600}.Debug|iPhone.Deploy.0 = Debug|Any CPU
		{13E97DBA-ADEA-4FD9-BCBA-70C584D31600}.Debug|iPhoneSimulator.ActiveCfg = Debug|Any CPU
		{13E97DBA-ADEA-4FD9-BCBA-70C584D31600}.Debug|iPhoneSimulator.Build.0 = Debug|Any CPU
		{13E97DBA-ADEA-4FD9-BCBA-70C584D31600}.Debug|iPhoneSimulator.Deploy.0 = Debug|Any CPU
		{13E97DBA-ADEA-4FD9-BCBA-70C584D31600}.Debug|x64.ActiveCfg = Debug|Any CPU
		{13E97DBA-ADEA-4FD9-BCBA-70C584D31600}.Debug|x64.Build.0 = Debug|Any CPU
		{13E97DBA-ADEA-4FD9-BCBA-70C584D31600}.Debug|x64.Deploy.0 = Debug|Any CPU
		{13E97DBA-ADEA-4FD9-BCBA-70C584D31600}.Debug|x86.ActiveCfg = Debug|x86
		{13E97DBA-ADEA-4FD9-BCBA-70C584D31600}.Debug|x86.Build.0 = Debug|x86
		{13E97DBA-ADEA-4FD9-BCBA-70C584D31600}.Debug|x86.Deploy.0 = Debug|x86
		{13E97DBA-ADEA-4FD9-BCBA-70C584D31600}.Release|Any CPU.ActiveCfg = Release|Any CPU
		{13E97DBA-ADEA-4FD9-BCBA-70C584D31600}.Release|Any CPU.Build.0 = Release|Any CPU
		{13E97DBA-ADEA-4FD9-BCBA-70C584D31600}.Release|Any CPU.Deploy.0 = Release|Any CPU
		{13E97DBA-ADEA-4FD9-BCBA-70C584D31600}.Release|ARM.ActiveCfg = Release|ARM
		{13E97DBA-ADEA-4FD9-BCBA-70C584D31600}.Release|ARM.Build.0 = Release|ARM
		{13E97DBA-ADEA-4FD9-BCBA-70C584D31600}.Release|ARM.Deploy.0 = Release|ARM
		{13E97DBA-ADEA-4FD9-BCBA-70C584D31600}.Release|iPhone.ActiveCfg = Release|Any CPU
		{13E97DBA-ADEA-4FD9-BCBA-70C584D31600}.Release|iPhone.Build.0 = Release|Any CPU
		{13E97DBA-ADEA-4FD9-BCBA-70C584D31600}.Release|iPhone.Deploy.0 = Release|Any CPU
		{13E97DBA-ADEA-4FD9-BCBA-70C584D31600}.Release|iPhoneSimulator.ActiveCfg = Release|Any CPU
		{13E97DBA-ADEA-4FD9-BCBA-70C584D31600}.Release|iPhoneSimulator.Build.0 = Release|Any CPU
		{13E97DBA-ADEA-4FD9-BCBA-70C584D31600}.Release|iPhoneSimulator.Deploy.0 = Release|Any CPU
		{13E97DBA-ADEA-4FD9-BCBA-70C584D31600}.Release|x64.ActiveCfg = Release|Any CPU
		{13E97DBA-ADEA-4FD9-BCBA-70C584D31600}.Release|x64.Build.0 = Release|Any CPU
		{13E97DBA-ADEA-4FD9-BCBA-70C584D31600}.Release|x64.Deploy.0 = Release|Any CPU
		{13E97DBA-ADEA-4FD9-BCBA-70C584D31600}.Release|x86.ActiveCfg = Release|x86
		{13E97DBA-ADEA-4FD9-BCBA-70C584D31600}.Release|x86.Build.0 = Release|x86
		{13E97DBA-ADEA-4FD9-BCBA-70C584D31600}.Release|x86.Deploy.0 = Release|x86
		{7657E708-B77B-4714-8963-62957FFBE347}.Ad-Hoc|Any CPU.ActiveCfg = Release|x86
		{7657E708-B77B-4714-8963-62957FFBE347}.Ad-Hoc|Any CPU.Build.0 = Release|x86
		{7657E708-B77B-4714-8963-62957FFBE347}.Ad-Hoc|Any CPU.Deploy.0 = Release|x86
		{7657E708-B77B-4714-8963-62957FFBE347}.Ad-Hoc|ARM.ActiveCfg = Release|ARM
		{7657E708-B77B-4714-8963-62957FFBE347}.Ad-Hoc|ARM.Build.0 = Release|ARM
		{7657E708-B77B-4714-8963-62957FFBE347}.Ad-Hoc|ARM.Deploy.0 = Release|ARM
		{7657E708-B77B-4714-8963-62957FFBE347}.Ad-Hoc|iPhone.ActiveCfg = Release|x86
		{7657E708-B77B-4714-8963-62957FFBE347}.Ad-Hoc|iPhone.Build.0 = Release|x86
		{7657E708-B77B-4714-8963-62957FFBE347}.Ad-Hoc|iPhone.Deploy.0 = Release|x86
		{7657E708-B77B-4714-8963-62957FFBE347}.Ad-Hoc|iPhoneSimulator.ActiveCfg = Release|x86
		{7657E708-B77B-4714-8963-62957FFBE347}.Ad-Hoc|iPhoneSimulator.Build.0 = Release|x86
		{7657E708-B77B-4714-8963-62957FFBE347}.Ad-Hoc|iPhoneSimulator.Deploy.0 = Release|x86
		{7657E708-B77B-4714-8963-62957FFBE347}.Ad-Hoc|x64.ActiveCfg = Release|x64
		{7657E708-B77B-4714-8963-62957FFBE347}.Ad-Hoc|x64.Build.0 = Release|x64
		{7657E708-B77B-4714-8963-62957FFBE347}.Ad-Hoc|x64.Deploy.0 = Release|x64
		{7657E708-B77B-4714-8963-62957FFBE347}.Ad-Hoc|x86.ActiveCfg = Release|x86
		{7657E708-B77B-4714-8963-62957FFBE347}.Ad-Hoc|x86.Build.0 = Release|x86
		{7657E708-B77B-4714-8963-62957FFBE347}.Ad-Hoc|x86.Deploy.0 = Release|x86
		{7657E708-B77B-4714-8963-62957FFBE347}.AppStore|Any CPU.ActiveCfg = Release|x86
		{7657E708-B77B-4714-8963-62957FFBE347}.AppStore|Any CPU.Build.0 = Release|x86
		{7657E708-B77B-4714-8963-62957FFBE347}.AppStore|Any CPU.Deploy.0 = Release|x86
		{7657E708-B77B-4714-8963-62957FFBE347}.AppStore|ARM.ActiveCfg = Release|ARM
		{7657E708-B77B-4714-8963-62957FFBE347}.AppStore|ARM.Build.0 = Release|ARM
		{7657E708-B77B-4714-8963-62957FFBE347}.AppStore|ARM.Deploy.0 = Release|ARM
		{7657E708-B77B-4714-8963-62957FFBE347}.AppStore|iPhone.ActiveCfg = Release|x86
		{7657E708-B77B-4714-8963-62957FFBE347}.AppStore|iPhone.Build.0 = Release|x86
		{7657E708-B77B-4714-8963-62957FFBE347}.AppStore|iPhone.Deploy.0 = Release|x86
		{7657E708-B77B-4714-8963-62957FFBE347}.AppStore|iPhoneSimulator.ActiveCfg = Release|x86
		{7657E708-B77B-4714-8963-62957FFBE347}.AppStore|iPhoneSimulator.Build.0 = Release|x86
		{7657E708-B77B-4714-8963-62957FFBE347}.AppStore|iPhoneSimulator.Deploy.0 = Release|x86
		{7657E708-B77B-4714-8963-62957FFBE347}.AppStore|x64.ActiveCfg = Release|x64
		{7657E708-B77B-4714-8963-62957FFBE347}.AppStore|x64.Build.0 = Release|x64
		{7657E708-B77B-4714-8963-62957FFBE347}.AppStore|x64.Deploy.0 = Release|x64
		{7657E708-B77B-4714-8963-62957FFBE347}.AppStore|x86.ActiveCfg = Release|x86
		{7657E708-B77B-4714-8963-62957FFBE347}.AppStore|x86.Build.0 = Release|x86
		{7657E708-B77B-4714-8963-62957FFBE347}.AppStore|x86.Deploy.0 = Release|x86
		{7657E708-B77B-4714-8963-62957FFBE347}.Debug|Any CPU.ActiveCfg = Debug|x86
		{7657E708-B77B-4714-8963-62957FFBE347}.Debug|Any CPU.Deploy.0 = Debug|x86
		{7657E708-B77B-4714-8963-62957FFBE347}.Debug|ARM.ActiveCfg = Debug|ARM
		{7657E708-B77B-4714-8963-62957FFBE347}.Debug|ARM.Build.0 = Debug|ARM
		{7657E708-B77B-4714-8963-62957FFBE347}.Debug|ARM.Deploy.0 = Debug|ARM
		{7657E708-B77B-4714-8963-62957FFBE347}.Debug|iPhone.ActiveCfg = Debug|x86
		{7657E708-B77B-4714-8963-62957FFBE347}.Debug|iPhoneSimulator.ActiveCfg = Debug|x86
		{7657E708-B77B-4714-8963-62957FFBE347}.Debug|x64.ActiveCfg = Debug|x64
		{7657E708-B77B-4714-8963-62957FFBE347}.Debug|x64.Build.0 = Debug|x64
		{7657E708-B77B-4714-8963-62957FFBE347}.Debug|x64.Deploy.0 = Debug|x64
		{7657E708-B77B-4714-8963-62957FFBE347}.Debug|x86.ActiveCfg = Debug|x86
		{7657E708-B77B-4714-8963-62957FFBE347}.Debug|x86.Build.0 = Debug|x86
		{7657E708-B77B-4714-8963-62957FFBE347}.Debug|x86.Deploy.0 = Debug|x86
		{7657E708-B77B-4714-8963-62957FFBE347}.Release|Any CPU.ActiveCfg = Release|x86
		{7657E708-B77B-4714-8963-62957FFBE347}.Release|ARM.ActiveCfg = Release|ARM
		{7657E708-B77B-4714-8963-62957FFBE347}.Release|ARM.Build.0 = Release|ARM
		{7657E708-B77B-4714-8963-62957FFBE347}.Release|ARM.Deploy.0 = Release|ARM
		{7657E708-B77B-4714-8963-62957FFBE347}.Release|iPhone.ActiveCfg = Release|x86
		{7657E708-B77B-4714-8963-62957FFBE347}.Release|iPhoneSimulator.ActiveCfg = Release|x86
		{7657E708-B77B-4714-8963-62957FFBE347}.Release|x64.ActiveCfg = Release|x64
		{7657E708-B77B-4714-8963-62957FFBE347}.Release|x64.Build.0 = Release|x64
		{7657E708-B77B-4714-8963-62957FFBE347}.Release|x64.Deploy.0 = Release|x64
		{7657E708-B77B-4714-8963-62957FFBE347}.Release|x86.ActiveCfg = Release|x86
		{7657E708-B77B-4714-8963-62957FFBE347}.Release|x86.Build.0 = Release|x86
		{7657E708-B77B-4714-8963-62957FFBE347}.Release|x86.Deploy.0 = Release|x86
		{4E12395E-EFDD-4014-A568-3148B06A2799}.Ad-Hoc|Any CPU.ActiveCfg = Release|Any CPU
		{4E12395E-EFDD-4014-A568-3148B06A2799}.Ad-Hoc|Any CPU.Build.0 = Release|Any CPU
		{4E12395E-EFDD-4014-A568-3148B06A2799}.Ad-Hoc|Any CPU.Deploy.0 = Release|Any CPU
		{4E12395E-EFDD-4014-A568-3148B06A2799}.Ad-Hoc|ARM.ActiveCfg = Release|ARM
		{4E12395E-EFDD-4014-A568-3148B06A2799}.Ad-Hoc|ARM.Build.0 = Release|ARM
		{4E12395E-EFDD-4014-A568-3148B06A2799}.Ad-Hoc|ARM.Deploy.0 = Release|ARM
		{4E12395E-EFDD-4014-A568-3148B06A2799}.Ad-Hoc|iPhone.ActiveCfg = Release|Any CPU
		{4E12395E-EFDD-4014-A568-3148B06A2799}.Ad-Hoc|iPhone.Build.0 = Release|Any CPU
		{4E12395E-EFDD-4014-A568-3148B06A2799}.Ad-Hoc|iPhone.Deploy.0 = Release|Any CPU
		{4E12395E-EFDD-4014-A568-3148B06A2799}.Ad-Hoc|iPhoneSimulator.ActiveCfg = Release|Any CPU
		{4E12395E-EFDD-4014-A568-3148B06A2799}.Ad-Hoc|iPhoneSimulator.Build.0 = Release|Any CPU
		{4E12395E-EFDD-4014-A568-3148B06A2799}.Ad-Hoc|iPhoneSimulator.Deploy.0 = Release|Any CPU
		{4E12395E-EFDD-4014-A568-3148B06A2799}.Ad-Hoc|x64.ActiveCfg = Release|x64
		{4E12395E-EFDD-4014-A568-3148B06A2799}.Ad-Hoc|x64.Build.0 = Release|x64
		{4E12395E-EFDD-4014-A568-3148B06A2799}.Ad-Hoc|x64.Deploy.0 = Release|x64
		{4E12395E-EFDD-4014-A568-3148B06A2799}.Ad-Hoc|x86.ActiveCfg = Release|x86
		{4E12395E-EFDD-4014-A568-3148B06A2799}.Ad-Hoc|x86.Build.0 = Release|x86
		{4E12395E-EFDD-4014-A568-3148B06A2799}.Ad-Hoc|x86.Deploy.0 = Release|x86
		{4E12395E-EFDD-4014-A568-3148B06A2799}.AppStore|Any CPU.ActiveCfg = Release|Any CPU
		{4E12395E-EFDD-4014-A568-3148B06A2799}.AppStore|Any CPU.Build.0 = Release|Any CPU
		{4E12395E-EFDD-4014-A568-3148B06A2799}.AppStore|Any CPU.Deploy.0 = Release|Any CPU
		{4E12395E-EFDD-4014-A568-3148B06A2799}.AppStore|ARM.ActiveCfg = Release|ARM
		{4E12395E-EFDD-4014-A568-3148B06A2799}.AppStore|ARM.Build.0 = Release|ARM
		{4E12395E-EFDD-4014-A568-3148B06A2799}.AppStore|ARM.Deploy.0 = Release|ARM
		{4E12395E-EFDD-4014-A568-3148B06A2799}.AppStore|iPhone.ActiveCfg = Release|Any CPU
		{4E12395E-EFDD-4014-A568-3148B06A2799}.AppStore|iPhone.Build.0 = Release|Any CPU
		{4E12395E-EFDD-4014-A568-3148B06A2799}.AppStore|iPhone.Deploy.0 = Release|Any CPU
		{4E12395E-EFDD-4014-A568-3148B06A2799}.AppStore|iPhoneSimulator.ActiveCfg = Release|Any CPU
		{4E12395E-EFDD-4014-A568-3148B06A2799}.AppStore|iPhoneSimulator.Build.0 = Release|Any CPU
		{4E12395E-EFDD-4014-A568-3148B06A2799}.AppStore|iPhoneSimulator.Deploy.0 = Release|Any CPU
		{4E12395E-EFDD-4014-A568-3148B06A2799}.AppStore|x64.ActiveCfg = Release|x64
		{4E12395E-EFDD-4014-A568-3148B06A2799}.AppStore|x64.Build.0 = Release|x64
		{4E12395E-EFDD-4014-A568-3148B06A2799}.AppStore|x64.Deploy.0 = Release|x64
		{4E12395E-EFDD-4014-A568-3148B06A2799}.AppStore|x86.ActiveCfg = Release|x86
		{4E12395E-EFDD-4014-A568-3148B06A2799}.AppStore|x86.Build.0 = Release|x86
		{4E12395E-EFDD-4014-A568-3148B06A2799}.AppStore|x86.Deploy.0 = Release|x86
		{4E12395E-EFDD-4014-A568-3148B06A2799}.Debug|Any CPU.ActiveCfg = Debug|Any CPU
		{4E12395E-EFDD-4014-A568-3148B06A2799}.Debug|Any CPU.Build.0 = Debug|Any CPU
		{4E12395E-EFDD-4014-A568-3148B06A2799}.Debug|Any CPU.Deploy.0 = Debug|Any CPU
		{4E12395E-EFDD-4014-A568-3148B06A2799}.Debug|ARM.ActiveCfg = Debug|ARM
		{4E12395E-EFDD-4014-A568-3148B06A2799}.Debug|ARM.Build.0 = Debug|ARM
		{4E12395E-EFDD-4014-A568-3148B06A2799}.Debug|ARM.Deploy.0 = Debug|ARM
		{4E12395E-EFDD-4014-A568-3148B06A2799}.Debug|iPhone.ActiveCfg = Debug|Any CPU
		{4E12395E-EFDD-4014-A568-3148B06A2799}.Debug|iPhone.Build.0 = Debug|Any CPU
		{4E12395E-EFDD-4014-A568-3148B06A2799}.Debug|iPhone.Deploy.0 = Debug|Any CPU
		{4E12395E-EFDD-4014-A568-3148B06A2799}.Debug|iPhoneSimulator.ActiveCfg = Debug|Any CPU
		{4E12395E-EFDD-4014-A568-3148B06A2799}.Debug|iPhoneSimulator.Build.0 = Debug|Any CPU
		{4E12395E-EFDD-4014-A568-3148B06A2799}.Debug|iPhoneSimulator.Deploy.0 = Debug|Any CPU
		{4E12395E-EFDD-4014-A568-3148B06A2799}.Debug|x64.ActiveCfg = Debug|x64
		{4E12395E-EFDD-4014-A568-3148B06A2799}.Debug|x64.Build.0 = Debug|x64
		{4E12395E-EFDD-4014-A568-3148B06A2799}.Debug|x64.Deploy.0 = Debug|x64
		{4E12395E-EFDD-4014-A568-3148B06A2799}.Debug|x86.ActiveCfg = Debug|x86
		{4E12395E-EFDD-4014-A568-3148B06A2799}.Debug|x86.Build.0 = Debug|x86
		{4E12395E-EFDD-4014-A568-3148B06A2799}.Debug|x86.Deploy.0 = Debug|x86
		{4E12395E-EFDD-4014-A568-3148B06A2799}.Release|Any CPU.ActiveCfg = Release|Any CPU
		{4E12395E-EFDD-4014-A568-3148B06A2799}.Release|Any CPU.Build.0 = Release|Any CPU
		{4E12395E-EFDD-4014-A568-3148B06A2799}.Release|Any CPU.Deploy.0 = Release|Any CPU
		{4E12395E-EFDD-4014-A568-3148B06A2799}.Release|ARM.ActiveCfg = Release|ARM
		{4E12395E-EFDD-4014-A568-3148B06A2799}.Release|ARM.Build.0 = Release|ARM
		{4E12395E-EFDD-4014-A568-3148B06A2799}.Release|ARM.Deploy.0 = Release|ARM
		{4E12395E-EFDD-4014-A568-3148B06A2799}.Release|iPhone.ActiveCfg = Release|Any CPU
		{4E12395E-EFDD-4014-A568-3148B06A2799}.Release|iPhone.Build.0 = Release|Any CPU
		{4E12395E-EFDD-4014-A568-3148B06A2799}.Release|iPhone.Deploy.0 = Release|Any CPU
		{4E12395E-EFDD-4014-A568-3148B06A2799}.Release|iPhoneSimulator.ActiveCfg = Release|Any CPU
		{4E12395E-EFDD-4014-A568-3148B06A2799}.Release|iPhoneSimulator.Build.0 = Release|Any CPU
		{4E12395E-EFDD-4014-A568-3148B06A2799}.Release|iPhoneSimulator.Deploy.0 = Release|Any CPU
		{4E12395E-EFDD-4014-A568-3148B06A2799}.Release|x64.ActiveCfg = Release|x64
		{4E12395E-EFDD-4014-A568-3148B06A2799}.Release|x64.Build.0 = Release|x64
		{4E12395E-EFDD-4014-A568-3148B06A2799}.Release|x64.Deploy.0 = Release|x64
		{4E12395E-EFDD-4014-A568-3148B06A2799}.Release|x86.ActiveCfg = Release|x86
		{4E12395E-EFDD-4014-A568-3148B06A2799}.Release|x86.Build.0 = Release|x86
		{4E12395E-EFDD-4014-A568-3148B06A2799}.Release|x86.Deploy.0 = Release|x86
	EndGlobalSection
	GlobalSection(SolutionProperties) = preSolution
		HideSolutionNode = FALSE
	EndGlobalSection
EndGlobal
